
Microsoft Visual Studio Solution File, Format Version 12.00
# Visual Studio Version 17
VisualStudioVersion = 17.5.002.0
MinimumVisualStudioVersion = 10.0.40219.1
Project("{9A19103F-16F7-4668-BE54-9A1E7A4F7556}") = "KuiperNet", "KuiperNet\KuiperNet.csproj", "{82CB96D8-E0F5-42AA-86E1-C248B85C4860}"
EndProject
Global
	GlobalSection(SolutionConfigurationPlatforms) = preSolution
		Debug|Any CPU = Debug|Any CPU
		Release|Any CPU = Release|Any CPU
	EndGlobalSection
	GlobalSection(ProjectConfigurationPlatforms) = postSolution
		{82CB96D8-E0F5-42AA-86E1-C248B85C4860}.Debug|Any CPU.ActiveCfg = Debug|Any CPU
		{82CB96D8-E0F5-42AA-86E1-C248B85C4860}.Debug|Any CPU.Build.0 = Debug|Any CPU
		{82CB96D8-E0F5-42AA-86E1-C248B85C4860}.Release|Any CPU.ActiveCfg = Release|Any CPU
		{82CB96D8-E0F5-42AA-86E1-C248B85C4860}.Release|Any CPU.Build.0 = Release|Any CPU
	EndGlobalSection
	GlobalSection(SolutionProperties) = preSolution
		HideSolutionNode = FALSE
	EndGlobalSection
	GlobalSection(ExtensibilityGlobals) = postSolution
		SolutionGuid = {1E5C87A3-6201-4E55-8B97-06E193D11A7D}
	EndGlobalSection
EndGlobal
